
Microsoft Visual Studio Solution File, Format Version 12.00
# Visual Studio Version 17
VisualStudioVersion = 17.6.33723.286
MinimumVisualStudioVersion = 10.0.40219.1
Project("{FAE04EC0-301F-11D3-BF4B-00C04F79EFBC}") = "MovieAPIDemo", "MovieAPIDemo\MovieAPIDemo.csproj", "{E6F92BC3-DCEA-40F2-9BBF-5986C958D142}"
EndProject
Global
	GlobalSection(SolutionConfigurationPlatforms) = preSolution
		Debug|Any CPU = Debug|Any CPU
		Release|Any CPU = Release|Any CPU
	EndGlobalSection
	GlobalSection(ProjectConfigurationPlatforms) = postSolution
		{E6F92BC3-DCEA-40F2-9BBF-5986C958D142}.Debug|Any CPU.ActiveCfg = Debug|Any CPU
		{E6F92BC3-DCEA-40F2-9BBF-5986C958D142}.Debug|Any CPU.Build.0 = Debug|Any CPU
		{E6F92BC3-DCEA-40F2-9BBF-5986C958D142}.Release|Any CPU.ActiveCfg = Release|Any CPU
		{E6F92BC3-DCEA-40F2-9BBF-5986C958D142}.Release|Any CPU.Build.0 = Release|Any CPU
	EndGlobalSection
	GlobalSection(SolutionProperties) = preSolution
		HideSolutionNode = FALSE
	EndGlobalSection
	GlobalSection(ExtensibilityGlobals) = postSolution
		SolutionGuid = {7014CA29-B7DD-4A73-92C8-697EDB49E7A2}
	EndGlobalSection
EndGlobal
